
Microsoft Visual Studio Solution File, Format Version 12.00
# Visual Studio Version 16
VisualStudioVersion = 16.0.32413.511
MinimumVisualStudioVersion = 10.0.40219.1
Project("{FAE04EC0-301F-11D3-BF4B-00C04F79EFBC}") = "Car_Agency", "Car_Agency\Car_Agency.csproj", "{5E6C5996-1CBA-4E29-82AA-E381D9445F9A}"
EndProject
Global
	GlobalSection(SolutionConfigurationPlatforms) = preSolution
		Debug|Any CPU = Debug|Any CPU
		Release|Any CPU = Release|Any CPU
	EndGlobalSection
	GlobalSection(ProjectConfigurationPlatforms) = postSolution
		{5E6C5996-1CBA-4E29-82AA-E381D9445F9A}.Debug|Any CPU.ActiveCfg = Debug|Any CPU
		{5E6C5996-1CBA-4E29-82AA-E381D9445F9A}.Debug|Any CPU.Build.0 = Debug|Any CPU
		{5E6C5996-1CBA-4E29-82AA-E381D9445F9A}.Release|Any CPU.ActiveCfg = Release|Any CPU
		{5E6C5996-1CBA-4E29-82AA-E381D9445F9A}.Release|Any CPU.Build.0 = Release|Any CPU
	EndGlobalSection
	GlobalSection(SolutionProperties) = preSolution
		HideSolutionNode = FALSE
	EndGlobalSection
	GlobalSection(ExtensibilityGlobals) = postSolution
		SolutionGuid = {B77D2025-0616-4C69-89C3-CE907CBF37B9}
	EndGlobalSection
EndGlobal
